{
  "lockfileVersion": 1,
  "configVersion": 0,
  "workspaces": {
    "": {
      "name": "jobby-employer-bff",
      "dependencies": {
        "@nestjs/common": "^11.1.15",
        "@nestjs/config": "^4.0.3",
        "@nestjs/core": "^11.1.15",
        "@nestjs/platform-express": "^11.1.15",
        "@nestjs/swagger": "^11.2.6",
        "class-transformer": "^0.5.1",
        "class-validator": "^0.14.1",
        "reflect-metadata": "^0.2.2",
        "rxjs": "^7.8.2",
      },
      "devDependencies": {
        "@nestjs/cli": "^11.0.16",
        "@nestjs/schematics": "^11.0.9",
        "@types/node": "^22.10.0",
        "prettier": "^3.4.2",
        "typescript": "^5.7.2",
      },
    },
  },
  "packages": {
    "@angular-devkit/core": ["@angular-devkit/core@19.2.19", "", { "dependencies": { "ajv": "8.17.1", "ajv-formats": "3.0.1", "jsonc-parser": "3.3.1", "picomatch": "4.0.2", "rxjs": "7.8.1", "source-map": "0.7.4" }, "peerDependencies": { "chokidar": "^4.0.0" } }, ""],

    "@angular-devkit/schematics": ["@angular-devkit/schematics@19.2.19", "", { "dependencies": { "@angular-devkit/core": "19.2.19", "jsonc-parser": "3.3.1", "magic-string": "0.30.17", "ora": "5.4.1", "rxjs": "7.8.1" } }, ""],

    "@angular-devkit/schematics-cli": ["@angular-devkit/schematics-cli@19.2.19", "", { "dependencies": { "@angular-devkit/core": "19.2.19", "@angular-devkit/schematics": "19.2.19", "@inquirer/prompts": "7.3.2", "ansi-colors": "4.1.3", "symbol-observable": "4.0.0", "yargs-parser": "21.1.1" }, "bin": { "schematics": "bin/schematics.js" } }, ""],

    "@babel/code-frame": ["@babel/code-frame@7.29.0", "", { "dependencies": { "@babel/helper-validator-identifier": "^7.28.5", "js-tokens": "^4.0.0", "picocolors": "^1.1.1" } }, ""],

    "@babel/helper-validator-identifier": ["@babel/helper-validator-identifier@7.28.5", "", {}, ""],

    "@borewit/text-codec": ["@borewit/text-codec@0.2.1", "", {}, ""],

    "@colors/colors": ["@colors/colors@1.5.0", "", {}, ""],

    "@inquirer/ansi": ["@inquirer/ansi@1.0.2", "", {}, ""],

    "@inquirer/checkbox": ["@inquirer/checkbox@4.3.2", "", { "dependencies": { "@inquirer/ansi": "^1.0.2", "@inquirer/core": "^10.3.2", "@inquirer/figures": "^1.0.15", "@inquirer/type": "^3.0.10", "yoctocolors-cjs": "^2.1.3" }, "peerDependencies": { "@types/node": ">=18" } }, ""],

    "@inquirer/confirm": ["@inquirer/confirm@5.1.21", "", { "dependencies": { "@inquirer/core": "^10.3.2", "@inquirer/type": "^3.0.10" }, "peerDependencies": { "@types/node": ">=18" } }, ""],

    "@inquirer/core": ["@inquirer/core@10.3.2", "", { "dependencies": { "@inquirer/ansi": "^1.0.2", "@inquirer/figures": "^1.0.15", "@inquirer/type": "^3.0.10", "cli-width": "^4.1.0", "mute-stream": "^2.0.0", "signal-exit": "^4.1.0", "wrap-ansi": "^6.2.0", "yoctocolors-cjs": "^2.1.3" }, "peerDependencies": { "@types/node": ">=18" } }, ""],

    "@inquirer/editor": ["@inquirer/editor@4.2.23", "", { "dependencies": { "@inquirer/core": "^10.3.2", "@inquirer/external-editor": "^1.0.3", "@inquirer/type": "^3.0.10" }, "peerDependencies": { "@types/node": ">=18" } }, ""],

    "@inquirer/expand": ["@inquirer/expand@4.0.23", "", { "dependencies": { "@inquirer/core": "^10.3.2", "@inquirer/type": "^3.0.10", "yoctocolors-cjs": "^2.1.3" }, "peerDependencies": { "@types/node": ">=18" } }, ""],

    "@inquirer/external-editor": ["@inquirer/external-editor@1.0.3", "", { "dependencies": { "chardet": "^2.1.1", "iconv-lite": "^0.7.0" }, "peerDependencies": { "@types/node": ">=18" } }, ""],

    "@inquirer/figures": ["@inquirer/figures@1.0.15", "", {}, ""],

    "@inquirer/input": ["@inquirer/input@4.3.1", "", { "dependencies": { "@inquirer/core": "^10.3.2", "@inquirer/type": "^3.0.10" }, "peerDependencies": { "@types/node": ">=18" } }, ""],

    "@inquirer/number": ["@inquirer/number@3.0.23", "", { "dependencies": { "@inquirer/core": "^10.3.2", "@inquirer/type": "^3.0.10" }, "peerDependencies": { "@types/node": ">=18" } }, ""],

    "@inquirer/password": ["@inquirer/password@4.0.23", "", { "dependencies": { "@inquirer/ansi": "^1.0.2", "@inquirer/core": "^10.3.2", "@inquirer/type": "^3.0.10" }, "peerDependencies": { "@types/node": ">=18" } }, ""],

    "@inquirer/prompts": ["@inquirer/prompts@7.10.1", "", { "dependencies": { "@inquirer/checkbox": "^4.3.2", "@inquirer/confirm": "^5.1.21", "@inquirer/editor": "^4.2.23", "@inquirer/expand": "^4.0.23", "@inquirer/input": "^4.3.1", "@inquirer/number": "^3.0.23", "@inquirer/password": "^4.0.23", "@inquirer/rawlist": "^4.1.11", "@inquirer/search": "^3.2.2", "@inquirer/select": "^4.4.2" }, "peerDependencies": { "@types/node": ">=18" } }, ""],

    "@inquirer/rawlist": ["@inquirer/rawlist@4.1.11", "", { "dependencies": { "@inquirer/core": "^10.3.2", "@inquirer/type": "^3.0.10", "yoctocolors-cjs": "^2.1.3" }, "peerDependencies": { "@types/node": ">=18" } }, ""],

    "@inquirer/search": ["@inquirer/search@3.2.2", "", { "dependencies": { "@inquirer/core": "^10.3.2", "@inquirer/figures": "^1.0.15", "@inquirer/type": "^3.0.10", "yoctocolors-cjs": "^2.1.3" }, "peerDependencies": { "@types/node": ">=18" } }, ""],

    "@inquirer/select": ["@inquirer/select@4.4.2", "", { "dependencies": { "@inquirer/ansi": "^1.0.2", "@inquirer/core": "^10.3.2", "@inquirer/figures": "^1.0.15", "@inquirer/type": "^3.0.10", "yoctocolors-cjs": "^2.1.3" }, "peerDependencies": { "@types/node": ">=18" } }, ""],

    "@inquirer/type": ["@inquirer/type@3.0.10", "", { "peerDependencies": { "@types/node": ">=18" } }, ""],

    "@jridgewell/gen-mapping": ["@jridgewell/gen-mapping@0.3.13", "", { "dependencies": { "@jridgewell/sourcemap-codec": "^1.5.0", "@jridgewell/trace-mapping": "^0.3.24" } }, ""],

    "@jridgewell/resolve-uri": ["@jridgewell/resolve-uri@3.1.2", "", {}, ""],

    "@jridgewell/source-map": ["@jridgewell/source-map@0.3.11", "", { "dependencies": { "@jridgewell/gen-mapping": "^0.3.5", "@jridgewell/trace-mapping": "^0.3.25" } }, ""],

    "@jridgewell/sourcemap-codec": ["@jridgewell/sourcemap-codec@1.5.5", "", {}, ""],

    "@jridgewell/trace-mapping": ["@jridgewell/trace-mapping@0.3.31", "", { "dependencies": { "@jridgewell/resolve-uri": "^3.1.0", "@jridgewell/sourcemap-codec": "^1.4.14" } }, ""],

    "@lukeed/csprng": ["@lukeed/csprng@1.1.0", "", {}, ""],

    "@microsoft/tsdoc": ["@microsoft/tsdoc@0.16.0", "", {}, ""],

    "@nestjs/cli": ["@nestjs/cli@11.0.16", "", { "dependencies": { "@angular-devkit/core": "19.2.19", "@angular-devkit/schematics": "19.2.19", "@angular-devkit/schematics-cli": "19.2.19", "@inquirer/prompts": "7.10.1", "@nestjs/schematics": "^11.0.1", "ansis": "4.2.0", "chokidar": "4.0.3", "cli-table3": "0.6.5", "commander": "4.1.1", "fork-ts-checker-webpack-plugin": "9.1.0", "glob": "13.0.0", "node-emoji": "1.11.0", "ora": "5.4.1", "tsconfig-paths": "4.2.0", "tsconfig-paths-webpack-plugin": "4.2.0", "typescript": "5.9.3", "webpack": "5.104.1", "webpack-node-externals": "3.0.0" }, "peerDependencies": { "@swc/cli": "^0.1.62 || ^0.3.0 || ^0.4.0 || ^0.5.0 || ^0.6.0 || ^0.7.0", "@swc/core": "^1.3.62" }, "optionalPeers": ["@swc/cli", "@swc/core"], "bin": { "nest": "bin/nest.js" } }, ""],

    "@nestjs/common": ["@nestjs/common@11.1.16", "", { "dependencies": { "file-type": "21.3.0", "iterare": "1.2.1", "load-esm": "1.0.3", "tslib": "2.8.1", "uid": "2.0.2" }, "peerDependencies": { "class-transformer": ">=0.4.1", "class-validator": ">=0.13.2", "reflect-metadata": "^0.1.12 || ^0.2.0", "rxjs": "^7.1.0" } }, ""],

    "@nestjs/config": ["@nestjs/config@4.0.3", "", { "dependencies": { "dotenv": "17.2.3", "dotenv-expand": "12.0.3", "lodash": "4.17.23" }, "peerDependencies": { "@nestjs/common": "^10.0.0 || ^11.0.0", "rxjs": "^7.1.0" } }, "sha512-FQ3M3Ohqfl+nHAn5tp7++wUQw0f2nAk+SFKe8EpNRnIifPqvfJP6JQxPKtFLMOHbyer4X646prFG4zSRYEssQQ=="],

    "@nestjs/core": ["@nestjs/core@11.1.16", "", { "dependencies": { "@nuxt/opencollective": "0.4.1", "fast-safe-stringify": "2.1.1", "iterare": "1.2.1", "path-to-regexp": "8.3.0", "tslib": "2.8.1", "uid": "2.0.2" }, "peerDependencies": { "@nestjs/common": "^11.0.0", "@nestjs/microservices": "^11.0.0", "@nestjs/platform-express": "^11.0.0", "@nestjs/websockets": "^11.0.0", "reflect-metadata": "^0.1.12 || ^0.2.0", "rxjs": "^7.1.0" }, "optionalPeers": ["@nestjs/microservices", "@nestjs/websockets"] }, ""],

    "@nestjs/mapped-types": ["@nestjs/mapped-types@2.1.0", "", { "peerDependencies": { "@nestjs/common": "^10.0.0 || ^11.0.0", "class-transformer": "^0.4.0 || ^0.5.0", "class-validator": "^0.13.0 || ^0.14.0", "reflect-metadata": "^0.1.12 || ^0.2.0" } }, ""],

    "@nestjs/platform-express": ["@nestjs/platform-express@11.1.16", "", { "dependencies": { "cors": "2.8.6", "express": "5.2.1", "multer": "2.1.1", "path-to-regexp": "8.3.0", "tslib": "2.8.1" }, "peerDependencies": { "@nestjs/common": "^11.0.0", "@nestjs/core": "^11.0.0" } }, ""],

    "@nestjs/schematics": ["@nestjs/schematics@11.0.9", "", { "dependencies": { "@angular-devkit/core": "19.2.17", "@angular-devkit/schematics": "19.2.17", "comment-json": "4.4.1", "jsonc-parser": "3.3.1", "pluralize": "8.0.0" }, "peerDependencies": { "typescript": ">=4.8.2" } }, ""],

    "@nestjs/swagger": ["@nestjs/swagger@11.2.6", "", { "dependencies": { "@microsoft/tsdoc": "0.16.0", "@nestjs/mapped-types": "2.1.0", "js-yaml": "4.1.1", "lodash": "4.17.23", "path-to-regexp": "8.3.0", "swagger-ui-dist": "5.31.0" }, "peerDependencies": { "@fastify/static": "^8.0.0 || ^9.0.0", "@nestjs/common": "^11.0.1", "@nestjs/core": "^11.0.1", "class-transformer": "*", "class-validator": "*", "reflect-metadata": "^0.1.12 || ^0.2.0" }, "optionalPeers": ["@fastify/static"] }, ""],

    "@nuxt/opencollective": ["@nuxt/opencollective@0.4.1", "", { "dependencies": { "consola": "^3.2.3" }, "bin": { "opencollective": "bin/opencollective.js" } }, ""],

    "@scarf/scarf": ["@scarf/scarf@1.4.0", "", {}, ""],

    "@tokenizer/inflate": ["@tokenizer/inflate@0.4.1", "", { "dependencies": { "debug": "^4.4.3", "token-types": "^6.1.1" } }, ""],

    "@tokenizer/token": ["@tokenizer/token@0.3.0", "", {}, ""],

    "@types/eslint": ["@types/eslint@9.6.1", "", { "dependencies": { "@types/estree": "*", "@types/json-schema": "*" } }, ""],

    "@types/eslint-scope": ["@types/eslint-scope@3.7.7", "", { "dependencies": { "@types/eslint": "*", "@types/estree": "*" } }, ""],

    "@types/estree": ["@types/estree@1.0.8", "", {}, ""],

    "@types/json-schema": ["@types/json-schema@7.0.15", "", {}, ""],

    "@types/node": ["@types/node@22.19.15", "", { "dependencies": { "undici-types": "~6.21.0" } }, ""],

    "@types/validator": ["@types/validator@13.15.10", "", {}, ""],

    "@webassemblyjs/ast": ["@webassemblyjs/ast@1.14.1", "", { "dependencies": { "@webassemblyjs/helper-numbers": "1.13.2", "@webassemblyjs/helper-wasm-bytecode": "1.13.2" } }, ""],

    "@webassemblyjs/floating-point-hex-parser": ["@webassemblyjs/floating-point-hex-parser@1.13.2", "", {}, ""],

    "@webassemblyjs/helper-api-error": ["@webassemblyjs/helper-api-error@1.13.2", "", {}, ""],

    "@webassemblyjs/helper-buffer": ["@webassemblyjs/helper-buffer@1.14.1", "", {}, ""],

    "@webassemblyjs/helper-numbers": ["@webassemblyjs/helper-numbers@1.13.2", "", { "dependencies": { "@webassemblyjs/floating-point-hex-parser": "1.13.2", "@webassemblyjs/helper-api-error": "1.13.2", "@xtuc/long": "4.2.2" } }, ""],

    "@webassemblyjs/helper-wasm-bytecode": ["@webassemblyjs/helper-wasm-bytecode@1.13.2", "", {}, ""],

    "@webassemblyjs/helper-wasm-section": ["@webassemblyjs/helper-wasm-section@1.14.1", "", { "dependencies": { "@webassemblyjs/ast": "1.14.1", "@webassemblyjs/helper-buffer": "1.14.1", "@webassemblyjs/helper-wasm-bytecode": "1.13.2", "@webassemblyjs/wasm-gen": "1.14.1" } }, ""],

    "@webassemblyjs/ieee754": ["@webassemblyjs/ieee754@1.13.2", "", { "dependencies": { "@xtuc/ieee754": "^1.2.0" } }, ""],

    "@webassemblyjs/leb128": ["@webassemblyjs/leb128@1.13.2", "", { "dependencies": { "@xtuc/long": "4.2.2" } }, ""],

    "@webassemblyjs/utf8": ["@webassemblyjs/utf8@1.13.2", "", {}, ""],

    "@webassemblyjs/wasm-edit": ["@webassemblyjs/wasm-edit@1.14.1", "", { "dependencies": { "@webassemblyjs/ast": "1.14.1", "@webassemblyjs/helper-buffer": "1.14.1", "@webassemblyjs/helper-wasm-bytecode": "1.13.2", "@webassemblyjs/helper-wasm-section": "1.14.1", "@webassemblyjs/wasm-gen": "1.14.1", "@webassemblyjs/wasm-opt": "1.14.1", "@webassemblyjs/wasm-parser": "1.14.1", "@webassemblyjs/wast-printer": "1.14.1" } }, ""],

    "@webassemblyjs/wasm-gen": ["@webassemblyjs/wasm-gen@1.14.1", "", { "dependencies": { "@webassemblyjs/ast": "1.14.1", "@webassemblyjs/helper-wasm-bytecode": "1.13.2", "@webassemblyjs/ieee754": "1.13.2", "@webassemblyjs/leb128": "1.13.2", "@webassemblyjs/utf8": "1.13.2" } }, ""],

    "@webassemblyjs/wasm-opt": ["@webassemblyjs/wasm-opt@1.14.1", "", { "dependencies": { "@webassemblyjs/ast": "1.14.1", "@webassemblyjs/helper-buffer": "1.14.1", "@webassemblyjs/wasm-gen": "1.14.1", "@webassemblyjs/wasm-parser": "1.14.1" } }, ""],

    "@webassemblyjs/wasm-parser": ["@webassemblyjs/wasm-parser@1.14.1", "", { "dependencies": { "@webassemblyjs/ast": "1.14.1", "@webassemblyjs/helper-api-error": "1.13.2", "@webassemblyjs/helper-wasm-bytecode": "1.13.2", "@webassemblyjs/ieee754": "1.13.2", "@webassemblyjs/leb128": "1.13.2", "@webassemblyjs/utf8": "1.13.2" } }, ""],

    "@webassemblyjs/wast-printer": ["@webassemblyjs/wast-printer@1.14.1", "", { "dependencies": { "@webassemblyjs/ast": "1.14.1", "@xtuc/long": "4.2.2" } }, ""],

    "@xtuc/ieee754": ["@xtuc/ieee754@1.2.0", "", {}, ""],

    "@xtuc/long": ["@xtuc/long@4.2.2", "", {}, ""],

    "accepts": ["accepts@2.0.0", "", { "dependencies": { "mime-types": "^3.0.0", "negotiator": "^1.0.0" } }, ""],

    "acorn": ["acorn@8.16.0", "", { "bin": "bin/acorn" }, ""],

    "acorn-import-phases": ["acorn-import-phases@1.0.4", "", { "peerDependencies": { "acorn": "^8.14.0" } }, ""],

    "ajv": ["ajv@8.17.1", "", { "dependencies": { "fast-deep-equal": "^3.1.3", "fast-uri": "^3.0.1", "json-schema-traverse": "^1.0.0", "require-from-string": "^2.0.2" } }, "sha512-B/gBuNg5SiMTrPkC+A2+cW0RszwxYmn6VYxB/inlBStS5nx6xHIt/ehKRhIMhqusl7a8LjQoZnjCs5vhwxOQ1g=="],

    "ajv-formats": ["ajv-formats@3.0.1", "", { "dependencies": { "ajv": "^8.0.0" }, "peerDependencies": { "ajv": "^8.0.0" } }, ""],

    "ajv-keywords": ["ajv-keywords@3.5.2", "", { "peerDependencies": { "ajv": "^6.9.1" } }, ""],

    "ansi-colors": ["ansi-colors@4.1.3", "", {}, ""],

    "ansi-regex": ["ansi-regex@5.0.1", "", {}, ""],

    "ansi-styles": ["ansi-styles@4.3.0", "", { "dependencies": { "color-convert": "^2.0.1" } }, ""],

    "ansis": ["ansis@4.2.0", "", {}, ""],

    "append-field": ["append-field@1.0.0", "", {}, ""],

    "argparse": ["argparse@2.0.1", "", {}, ""],

    "array-timsort": ["array-timsort@1.0.3", "", {}, ""],

    "balanced-match": ["balanced-match@1.0.2", "", {}, ""],

    "base64-js": ["base64-js@1.5.1", "", {}, ""],

    "baseline-browser-mapping": ["baseline-browser-mapping@2.10.0", "", { "bin": "dist/cli.cjs" }, ""],

    "bl": ["bl@4.1.0", "", { "dependencies": { "buffer": "^5.5.0", "inherits": "^2.0.4", "readable-stream": "^3.4.0" } }, ""],

    "body-parser": ["body-parser@2.2.2", "", { "dependencies": { "bytes": "^3.1.2", "content-type": "^1.0.5", "debug": "^4.4.3", "http-errors": "^2.0.0", "iconv-lite": "^0.7.0", "on-finished": "^2.4.1", "qs": "^6.14.1", "raw-body": "^3.0.1", "type-is": "^2.0.1" } }, ""],

    "brace-expansion": ["brace-expansion@1.1.12", "", { "dependencies": { "balanced-match": "^1.0.0", "concat-map": "0.0.1" } }, ""],

    "browserslist": ["browserslist@4.28.1", "", { "dependencies": { "baseline-browser-mapping": "^2.9.0", "caniuse-lite": "^1.0.30001759", "electron-to-chromium": "^1.5.263", "node-releases": "^2.0.27", "update-browserslist-db": "^1.2.0" }, "bin": "cli.js" }, ""],

    "buffer": ["buffer@5.7.1", "", { "dependencies": { "base64-js": "^1.3.1", "ieee754": "^1.1.13" } }, ""],

    "buffer-from": ["buffer-from@1.1.2", "", {}, ""],

    "busboy": ["busboy@1.6.0", "", { "dependencies": { "streamsearch": "^1.1.0" } }, ""],

    "bytes": ["bytes@3.1.2", "", {}, ""],

    "call-bind-apply-helpers": ["call-bind-apply-helpers@1.0.2", "", { "dependencies": { "es-errors": "^1.3.0", "function-bind": "^1.1.2" } }, ""],

    "call-bound": ["call-bound@1.0.4", "", { "dependencies": { "call-bind-apply-helpers": "^1.0.2", "get-intrinsic": "^1.3.0" } }, ""],

    "callsites": ["callsites@3.1.0", "", {}, ""],

    "caniuse-lite": ["caniuse-lite@1.0.30001777", "", {}, ""],

    "chalk": ["chalk@4.1.2", "", { "dependencies": { "ansi-styles": "^4.1.0", "supports-color": "^7.1.0" } }, ""],

    "chardet": ["chardet@2.1.1", "", {}, ""],

    "chokidar": ["chokidar@4.0.3", "", { "dependencies": { "readdirp": "^4.0.1" } }, ""],

    "chrome-trace-event": ["chrome-trace-event@1.0.4", "", {}, ""],

    "class-transformer": ["class-transformer@0.5.1", "", {}, ""],

    "class-validator": ["class-validator@0.14.4", "", { "dependencies": { "@types/validator": "^13.15.3", "libphonenumber-js": "^1.11.1", "validator": "^13.15.22" } }, ""],

    "cli-cursor": ["cli-cursor@3.1.0", "", { "dependencies": { "restore-cursor": "^3.1.0" } }, ""],

    "cli-spinners": ["cli-spinners@2.9.2", "", {}, ""],

    "cli-table3": ["cli-table3@0.6.5", "", { "dependencies": { "string-width": "^4.2.0" }, "optionalDependencies": { "@colors/colors": "1.5.0" } }, ""],

    "cli-width": ["cli-width@4.1.0", "", {}, ""],

    "clone": ["clone@1.0.4", "", {}, ""],

    "color-convert": ["color-convert@2.0.1", "", { "dependencies": { "color-name": "~1.1.4" } }, ""],

    "color-name": ["color-name@1.1.4", "", {}, ""],

    "commander": ["commander@4.1.1", "", {}, ""],

    "comment-json": ["comment-json@4.4.1", "", { "dependencies": { "array-timsort": "^1.0.3", "core-util-is": "^1.0.3", "esprima": "^4.0.1" } }, ""],

    "concat-map": ["concat-map@0.0.1", "", {}, ""],

    "concat-stream": ["concat-stream@2.0.0", "", { "dependencies": { "buffer-from": "^1.0.0", "inherits": "^2.0.3", "readable-stream": "^3.0.2", "typedarray": "^0.0.6" } }, ""],

    "consola": ["consola@3.4.2", "", {}, ""],

    "content-disposition": ["content-disposition@1.0.1", "", {}, ""],

    "content-type": ["content-type@1.0.5", "", {}, ""],

    "cookie": ["cookie@0.7.2", "", {}, ""],

    "cookie-signature": ["cookie-signature@1.2.2", "", {}, ""],

    "core-util-is": ["core-util-is@1.0.3", "", {}, ""],

    "cors": ["cors@2.8.6", "", { "dependencies": { "object-assign": "^4", "vary": "^1" } }, ""],

    "cosmiconfig": ["cosmiconfig@8.3.6", "", { "dependencies": { "import-fresh": "^3.3.0", "js-yaml": "^4.1.0", "parse-json": "^5.2.0", "path-type": "^4.0.0" }, "peerDependencies": { "typescript": ">=4.9.5" } }, ""],

    "debug": ["debug@4.4.3", "", { "dependencies": { "ms": "^2.1.3" } }, ""],

    "deepmerge": ["deepmerge@4.3.1", "", {}, ""],

    "defaults": ["defaults@1.0.4", "", { "dependencies": { "clone": "^1.0.2" } }, ""],

    "depd": ["depd@2.0.0", "", {}, ""],

    "dotenv": ["dotenv@17.2.3", "", {}, ""],

    "dotenv-expand": ["dotenv-expand@12.0.3", "", { "dependencies": { "dotenv": "^16.4.5" } }, ""],

    "dunder-proto": ["dunder-proto@1.0.1", "", { "dependencies": { "call-bind-apply-helpers": "^1.0.1", "es-errors": "^1.3.0", "gopd": "^1.2.0" } }, ""],

    "ee-first": ["ee-first@1.1.1", "", {}, ""],

    "electron-to-chromium": ["electron-to-chromium@1.5.307", "", {}, ""],

    "emoji-regex": ["emoji-regex@8.0.0", "", {}, ""],

    "encodeurl": ["encodeurl@2.0.0", "", {}, ""],

    "enhanced-resolve": ["enhanced-resolve@5.20.0", "", { "dependencies": { "graceful-fs": "^4.2.4", "tapable": "^2.3.0" } }, ""],

    "error-ex": ["error-ex@1.3.4", "", { "dependencies": { "is-arrayish": "^0.2.1" } }, ""],

    "es-define-property": ["es-define-property@1.0.1", "", {}, ""],

    "es-errors": ["es-errors@1.3.0", "", {}, ""],

    "es-module-lexer": ["es-module-lexer@2.0.0", "", {}, ""],

    "es-object-atoms": ["es-object-atoms@1.1.1", "", { "dependencies": { "es-errors": "^1.3.0" } }, ""],

    "escalade": ["escalade@3.2.0", "", {}, ""],

    "escape-html": ["escape-html@1.0.3", "", {}, ""],

    "eslint-scope": ["eslint-scope@5.1.1", "", { "dependencies": { "esrecurse": "^4.3.0", "estraverse": "^4.1.1" } }, ""],

    "esprima": ["esprima@4.0.1", "", { "bin": { "esparse": "bin/esparse.js", "esvalidate": "bin/esvalidate.js" } }, ""],

    "esrecurse": ["esrecurse@4.3.0", "", { "dependencies": { "estraverse": "^5.2.0" } }, ""],

    "estraverse": ["estraverse@4.3.0", "", {}, ""],

    "etag": ["etag@1.8.1", "", {}, ""],

    "events": ["events@3.3.0", "", {}, ""],

    "express": ["express@5.2.1", "", { "dependencies": { "accepts": "^2.0.0", "body-parser": "^2.2.1", "content-disposition": "^1.0.0", "content-type": "^1.0.5", "cookie": "^0.7.1", "cookie-signature": "^1.2.1", "debug": "^4.4.0", "depd": "^2.0.0", "encodeurl": "^2.0.0", "escape-html": "^1.0.3", "etag": "^1.8.1", "finalhandler": "^2.1.0", "fresh": "^2.0.0", "http-errors": "^2.0.0", "merge-descriptors": "^2.0.0", "mime-types": "^3.0.0", "on-finished": "^2.4.1", "once": "^1.4.0", "parseurl": "^1.3.3", "proxy-addr": "^2.0.7", "qs": "^6.14.0", "range-parser": "^1.2.1", "router": "^2.2.0", "send": "^1.1.0", "serve-static": "^2.2.0", "statuses": "^2.0.1", "type-is": "^2.0.1", "vary": "^1.1.2" } }, ""],

    "fast-deep-equal": ["fast-deep-equal@3.1.3", "", {}, ""],

    "fast-json-stable-stringify": ["fast-json-stable-stringify@2.1.0", "", {}, ""],

    "fast-safe-stringify": ["fast-safe-stringify@2.1.1", "", {}, ""],

    "fast-uri": ["fast-uri@3.1.0", "", {}, "sha512-iPeeDKJSWf4IEOasVVrknXpaBV0IApz/gp7S2bb7Z4Lljbl2MGJRqInZiUrQwV16cpzw/D3S5j5Julj/gT52AA=="],

    "file-type": ["file-type@21.3.0", "", { "dependencies": { "@tokenizer/inflate": "^0.4.1", "strtok3": "^10.3.4", "token-types": "^6.1.1", "uint8array-extras": "^1.4.0" } }, ""],

    "finalhandler": ["finalhandler@2.1.1", "", { "dependencies": { "debug": "^4.4.0", "encodeurl": "^2.0.0", "escape-html": "^1.0.3", "on-finished": "^2.4.1", "parseurl": "^1.3.3", "statuses": "^2.0.1" } }, ""],

    "fork-ts-checker-webpack-plugin": ["fork-ts-checker-webpack-plugin@9.1.0", "", { "dependencies": { "@babel/code-frame": "^7.16.7", "chalk": "^4.1.2", "chokidar": "^4.0.1", "cosmiconfig": "^8.2.0", "deepmerge": "^4.2.2", "fs-extra": "^10.0.0", "memfs": "^3.4.1", "minimatch": "^3.0.4", "node-abort-controller": "^3.0.1", "schema-utils": "^3.1.1", "semver": "^7.3.5", "tapable": "^2.2.1" }, "peerDependencies": { "typescript": ">3.6.0", "webpack": "^5.11.0" } }, ""],

    "forwarded": ["forwarded@0.2.0", "", {}, ""],

    "fresh": ["fresh@2.0.0", "", {}, ""],

    "fs-extra": ["fs-extra@10.1.0", "", { "dependencies": { "graceful-fs": "^4.2.0", "jsonfile": "^6.0.1", "universalify": "^2.0.0" } }, ""],

    "fs-monkey": ["fs-monkey@1.1.0", "", {}, ""],

    "function-bind": ["function-bind@1.1.2", "", {}, ""],

    "get-intrinsic": ["get-intrinsic@1.3.0", "", { "dependencies": { "call-bind-apply-helpers": "^1.0.2", "es-define-property": "^1.0.1", "es-errors": "^1.3.0", "es-object-atoms": "^1.1.1", "function-bind": "^1.1.2", "get-proto": "^1.0.1", "gopd": "^1.2.0", "has-symbols": "^1.1.0", "hasown": "^2.0.2", "math-intrinsics": "^1.1.0" } }, ""],

    "get-proto": ["get-proto@1.0.1", "", { "dependencies": { "dunder-proto": "^1.0.1", "es-object-atoms": "^1.0.0" } }, ""],

    "glob": ["glob@13.0.0", "", { "dependencies": { "minimatch": "^10.1.1", "minipass": "^7.1.2", "path-scurry": "^2.0.0" } }, ""],

    "glob-to-regexp": ["glob-to-regexp@0.4.1", "", {}, ""],

    "gopd": ["gopd@1.2.0", "", {}, ""],

    "graceful-fs": ["graceful-fs@4.2.11", "", {}, ""],

    "has-flag": ["has-flag@4.0.0", "", {}, ""],

    "has-symbols": ["has-symbols@1.1.0", "", {}, ""],

    "hasown": ["hasown@2.0.2", "", { "dependencies": { "function-bind": "^1.1.2" } }, ""],

    "http-errors": ["http-errors@2.0.1", "", { "dependencies": { "depd": "~2.0.0", "inherits": "~2.0.4", "setprototypeof": "~1.2.0", "statuses": "~2.0.2", "toidentifier": "~1.0.1" } }, ""],

    "iconv-lite": ["iconv-lite@0.7.2", "", { "dependencies": { "safer-buffer": ">= 2.1.2 < 3.0.0" } }, ""],

    "ieee754": ["ieee754@1.2.1", "", {}, ""],

    "import-fresh": ["import-fresh@3.3.1", "", { "dependencies": { "parent-module": "^1.0.0", "resolve-from": "^4.0.0" } }, ""],

    "inherits": ["inherits@2.0.4", "", {}, ""],

    "ipaddr.js": ["ipaddr.js@1.9.1", "", {}, ""],

    "is-arrayish": ["is-arrayish@0.2.1", "", {}, ""],

    "is-fullwidth-code-point": ["is-fullwidth-code-point@3.0.0", "", {}, ""],

    "is-interactive": ["is-interactive@1.0.0", "", {}, ""],

    "is-promise": ["is-promise@4.0.0", "", {}, ""],

    "is-unicode-supported": ["is-unicode-supported@0.1.0", "", {}, ""],

    "iterare": ["iterare@1.2.1", "", {}, ""],

    "jest-worker": ["jest-worker@27.5.1", "", { "dependencies": { "@types/node": "*", "merge-stream": "^2.0.0", "supports-color": "^8.0.0" } }, ""],

    "js-tokens": ["js-tokens@4.0.0", "", {}, ""],

    "js-yaml": ["js-yaml@4.1.1", "", { "dependencies": { "argparse": "^2.0.1" }, "bin": "bin/js-yaml.js" }, ""],

    "json-parse-even-better-errors": ["json-parse-even-better-errors@2.3.1", "", {}, ""],

    "json-schema-traverse": ["json-schema-traverse@1.0.0", "", {}, "sha512-NM8/P9n3XjXhIZn1lLhkFaACTOURQXjWhV4BA/RnOv8xvgqtqpAX9IO4mRQxSx1Rlo4tqzeqb0sOlruaOy3dug=="],

    "json5": ["json5@2.2.3", "", { "bin": "lib/cli.js" }, ""],

    "jsonc-parser": ["jsonc-parser@3.3.1", "", {}, ""],

    "jsonfile": ["jsonfile@6.2.0", "", { "dependencies": { "universalify": "^2.0.0" }, "optionalDependencies": { "graceful-fs": "^4.1.6" } }, ""],

    "libphonenumber-js": ["libphonenumber-js@1.12.39", "", {}, ""],

    "lines-and-columns": ["lines-and-columns@1.2.4", "", {}, ""],

    "load-esm": ["load-esm@1.0.3", "", {}, ""],

    "loader-runner": ["loader-runner@4.3.1", "", {}, ""],

    "lodash": ["lodash@4.17.23", "", {}, ""],

    "log-symbols": ["log-symbols@4.1.0", "", { "dependencies": { "chalk": "^4.1.0", "is-unicode-supported": "^0.1.0" } }, ""],

    "lru-cache": ["lru-cache@11.2.6", "", {}, ""],

    "magic-string": ["magic-string@0.30.17", "", { "dependencies": { "@jridgewell/sourcemap-codec": "^1.5.0" } }, ""],

    "math-intrinsics": ["math-intrinsics@1.1.0", "", {}, ""],

    "media-typer": ["media-typer@1.1.0", "", {}, ""],

    "memfs": ["memfs@3.6.0", "", { "dependencies": { "fs-monkey": "^1.0.4" } }, ""],

    "merge-descriptors": ["merge-descriptors@2.0.0", "", {}, ""],

    "merge-stream": ["merge-stream@2.0.0", "", {}, ""],

    "mime-db": ["mime-db@1.52.0", "", {}, ""],

    "mime-types": ["mime-types@2.1.35", "", { "dependencies": { "mime-db": "1.52.0" } }, ""],

    "mimic-fn": ["mimic-fn@2.1.0", "", {}, ""],

    "minimatch": ["minimatch@3.1.5", "", { "dependencies": { "brace-expansion": "^1.1.7" } }, ""],

    "minimist": ["minimist@1.2.8", "", {}, ""],

    "minipass": ["minipass@7.1.3", "", {}, ""],

    "ms": ["ms@2.1.3", "", {}, ""],

    "multer": ["multer@2.1.1", "", { "dependencies": { "append-field": "^1.0.0", "busboy": "^1.6.0", "concat-stream": "^2.0.0", "type-is": "^1.6.18" } }, ""],

    "mute-stream": ["mute-stream@2.0.0", "", {}, ""],

    "negotiator": ["negotiator@1.0.0", "", {}, ""],

    "neo-async": ["neo-async@2.6.2", "", {}, ""],

    "node-abort-controller": ["node-abort-controller@3.1.1", "", {}, ""],

    "node-emoji": ["node-emoji@1.11.0", "", { "dependencies": { "lodash": "^4.17.21" } }, ""],

    "node-releases": ["node-releases@2.0.36", "", {}, ""],

    "object-assign": ["object-assign@4.1.1", "", {}, ""],

    "object-inspect": ["object-inspect@1.13.4", "", {}, ""],

    "on-finished": ["on-finished@2.4.1", "", { "dependencies": { "ee-first": "1.1.1" } }, ""],

    "once": ["once@1.4.0", "", { "dependencies": { "wrappy": "1" } }, ""],

    "onetime": ["onetime@5.1.2", "", { "dependencies": { "mimic-fn": "^2.1.0" } }, ""],

    "ora": ["ora@5.4.1", "", { "dependencies": { "bl": "^4.1.0", "chalk": "^4.1.0", "cli-cursor": "^3.1.0", "cli-spinners": "^2.5.0", "is-interactive": "^1.0.0", "is-unicode-supported": "^0.1.0", "log-symbols": "^4.1.0", "strip-ansi": "^6.0.0", "wcwidth": "^1.0.1" } }, ""],

    "parent-module": ["parent-module@1.0.1", "", { "dependencies": { "callsites": "^3.0.0" } }, ""],

    "parse-json": ["parse-json@5.2.0", "", { "dependencies": { "@babel/code-frame": "^7.0.0", "error-ex": "^1.3.1", "json-parse-even-better-errors": "^2.3.0", "lines-and-columns": "^1.1.6" } }, ""],

    "parseurl": ["parseurl@1.3.3", "", {}, ""],

    "path-scurry": ["path-scurry@2.0.2", "", { "dependencies": { "lru-cache": "^11.0.0", "minipass": "^7.1.2" } }, ""],

    "path-to-regexp": ["path-to-regexp@8.3.0", "", {}, ""],

    "path-type": ["path-type@4.0.0", "", {}, ""],

    "picocolors": ["picocolors@1.1.1", "", {}, ""],

    "picomatch": ["picomatch@4.0.2", "", {}, ""],

    "pluralize": ["pluralize@8.0.0", "", {}, ""],

    "prettier": ["prettier@3.8.1", "", { "bin": "bin/prettier.cjs" }, ""],

    "proxy-addr": ["proxy-addr@2.0.7", "", { "dependencies": { "forwarded": "0.2.0", "ipaddr.js": "1.9.1" } }, ""],

    "punycode": ["punycode@2.3.1", "", {}, ""],

    "qs": ["qs@6.15.0", "", { "dependencies": { "side-channel": "^1.1.0" } }, ""],

    "range-parser": ["range-parser@1.2.1", "", {}, ""],

    "raw-body": ["raw-body@3.0.2", "", { "dependencies": { "bytes": "~3.1.2", "http-errors": "~2.0.1", "iconv-lite": "~0.7.0", "unpipe": "~1.0.0" } }, ""],

    "readable-stream": ["readable-stream@3.6.2", "", { "dependencies": { "inherits": "^2.0.3", "string_decoder": "^1.1.1", "util-deprecate": "^1.0.1" } }, ""],

    "readdirp": ["readdirp@4.1.2", "", {}, ""],

    "reflect-metadata": ["reflect-metadata@0.2.2", "", {}, ""],

    "require-from-string": ["require-from-string@2.0.2", "", {}, "sha512-Xf0nWe6RseziFMu+Ap9biiUbmplq6S9/p+7w7YXP/JBHhrUDDUhwa+vANyubuqfZWTveU//DYVGsDG7RKL/vEw=="],

    "resolve-from": ["resolve-from@4.0.0", "", {}, ""],

    "restore-cursor": ["restore-cursor@3.1.0", "", { "dependencies": { "onetime": "^5.1.0", "signal-exit": "^3.0.2" } }, ""],

    "router": ["router@2.2.0", "", { "dependencies": { "debug": "^4.4.0", "depd": "^2.0.0", "is-promise": "^4.0.0", "parseurl": "^1.3.3", "path-to-regexp": "^8.0.0" } }, ""],

    "rxjs": ["rxjs@7.8.2", "", { "dependencies": { "tslib": "^2.1.0" } }, ""],

    "safe-buffer": ["safe-buffer@5.2.1", "", {}, ""],

    "safer-buffer": ["safer-buffer@2.1.2", "", {}, ""],

    "schema-utils": ["schema-utils@3.3.0", "", { "dependencies": { "@types/json-schema": "^7.0.8", "ajv": "^6.12.5", "ajv-keywords": "^3.5.2" } }, ""],

    "semver": ["semver@7.7.4", "", { "bin": "bin/semver.js" }, ""],

    "send": ["send@1.2.1", "", { "dependencies": { "debug": "^4.4.3", "encodeurl": "^2.0.0", "escape-html": "^1.0.3", "etag": "^1.8.1", "fresh": "^2.0.0", "http-errors": "^2.0.1", "mime-types": "^3.0.2", "ms": "^2.1.3", "on-finished": "^2.4.1", "range-parser": "^1.2.1", "statuses": "^2.0.2" } }, ""],

    "serve-static": ["serve-static@2.2.1", "", { "dependencies": { "encodeurl": "^2.0.0", "escape-html": "^1.0.3", "parseurl": "^1.3.3", "send": "^1.2.0" } }, ""],

    "setprototypeof": ["setprototypeof@1.2.0", "", {}, ""],

    "side-channel": ["side-channel@1.1.0", "", { "dependencies": { "es-errors": "^1.3.0", "object-inspect": "^1.13.3", "side-channel-list": "^1.0.0", "side-channel-map": "^1.0.1", "side-channel-weakmap": "^1.0.2" } }, ""],

    "side-channel-list": ["side-channel-list@1.0.0", "", { "dependencies": { "es-errors": "^1.3.0", "object-inspect": "^1.13.3" } }, ""],

    "side-channel-map": ["side-channel-map@1.0.1", "", { "dependencies": { "call-bound": "^1.0.2", "es-errors": "^1.3.0", "get-intrinsic": "^1.2.5", "object-inspect": "^1.13.3" } }, ""],

    "side-channel-weakmap": ["side-channel-weakmap@1.0.2", "", { "dependencies": { "call-bound": "^1.0.2", "es-errors": "^1.3.0", "get-intrinsic": "^1.2.5", "object-inspect": "^1.13.3", "side-channel-map": "^1.0.1" } }, ""],

    "signal-exit": ["signal-exit@4.1.0", "", {}, ""],

    "source-map": ["source-map@0.7.4", "", {}, ""],

    "source-map-support": ["source-map-support@0.5.21", "", { "dependencies": { "buffer-from": "^1.0.0", "source-map": "^0.6.0" } }, ""],

    "statuses": ["statuses@2.0.2", "", {}, ""],

    "streamsearch": ["streamsearch@1.1.0", "", {}, ""],

    "string-width": ["string-width@4.2.3", "", { "dependencies": { "emoji-regex": "^8.0.0", "is-fullwidth-code-point": "^3.0.0", "strip-ansi": "^6.0.1" } }, ""],

    "string_decoder": ["string_decoder@1.3.0", "", { "dependencies": { "safe-buffer": "~5.2.0" } }, ""],

    "strip-ansi": ["strip-ansi@6.0.1", "", { "dependencies": { "ansi-regex": "^5.0.1" } }, ""],

    "strip-bom": ["strip-bom@3.0.0", "", {}, ""],

    "strtok3": ["strtok3@10.3.4", "", { "dependencies": { "@tokenizer/token": "^0.3.0" } }, ""],

    "supports-color": ["supports-color@7.2.0", "", { "dependencies": { "has-flag": "^4.0.0" } }, ""],

    "swagger-ui-dist": ["swagger-ui-dist@5.31.0", "", { "dependencies": { "@scarf/scarf": "=1.4.0" } }, ""],

    "symbol-observable": ["symbol-observable@4.0.0", "", {}, ""],

    "tapable": ["tapable@2.3.0", "", {}, ""],

    "terser": ["terser@5.46.0", "", { "dependencies": { "@jridgewell/source-map": "^0.3.3", "acorn": "^8.15.0", "commander": "^2.20.0", "source-map-support": "~0.5.20" }, "bin": "bin/terser" }, ""],

    "terser-webpack-plugin": ["terser-webpack-plugin@5.3.17", "", { "dependencies": { "@jridgewell/trace-mapping": "^0.3.25", "jest-worker": "^27.4.5", "schema-utils": "^4.3.0", "terser": "^5.31.1" }, "peerDependencies": { "webpack": "^5.1.0" } }, ""],

    "toidentifier": ["toidentifier@1.0.1", "", {}, ""],

    "token-types": ["token-types@6.1.2", "", { "dependencies": { "@borewit/text-codec": "^0.2.1", "@tokenizer/token": "^0.3.0", "ieee754": "^1.2.1" } }, ""],

    "tsconfig-paths": ["tsconfig-paths@4.2.0", "", { "dependencies": { "json5": "^2.2.2", "minimist": "^1.2.6", "strip-bom": "^3.0.0" } }, ""],

    "tsconfig-paths-webpack-plugin": ["tsconfig-paths-webpack-plugin@4.2.0", "", { "dependencies": { "chalk": "^4.1.0", "enhanced-resolve": "^5.7.0", "tapable": "^2.2.1", "tsconfig-paths": "^4.1.2" } }, ""],

    "tslib": ["tslib@2.8.1", "", {}, ""],

    "type-is": ["type-is@2.0.1", "", { "dependencies": { "content-type": "^1.0.5", "media-typer": "^1.1.0", "mime-types": "^3.0.0" } }, ""],

    "typedarray": ["typedarray@0.0.6", "", {}, ""],

    "typescript": ["typescript@5.9.3", "", { "bin": { "tsc": "bin/tsc", "tsserver": "bin/tsserver" } }, ""],

    "uid": ["uid@2.0.2", "", { "dependencies": { "@lukeed/csprng": "^1.0.0" } }, ""],

    "uint8array-extras": ["uint8array-extras@1.5.0", "", {}, ""],

    "undici-types": ["undici-types@6.21.0", "", {}, ""],

    "universalify": ["universalify@2.0.1", "", {}, ""],

    "unpipe": ["unpipe@1.0.0", "", {}, ""],

    "update-browserslist-db": ["update-browserslist-db@1.2.3", "", { "dependencies": { "escalade": "^3.2.0", "picocolors": "^1.1.1" }, "peerDependencies": { "browserslist": ">= 4.21.0" }, "bin": "cli.js" }, ""],

    "uri-js": ["uri-js@4.4.1", "", { "dependencies": { "punycode": "^2.1.0" } }, ""],

    "util-deprecate": ["util-deprecate@1.0.2", "", {}, ""],

    "validator": ["validator@13.15.26", "", {}, ""],

    "vary": ["vary@1.1.2", "", {}, ""],

    "watchpack": ["watchpack@2.5.1", "", { "dependencies": { "glob-to-regexp": "^0.4.1", "graceful-fs": "^4.1.2" } }, ""],

    "wcwidth": ["wcwidth@1.0.1", "", { "dependencies": { "defaults": "^1.0.3" } }, ""],

    "webpack": ["webpack@5.104.1", "", { "dependencies": { "@types/eslint-scope": "^3.7.7", "@types/estree": "^1.0.8", "@types/json-schema": "^7.0.15", "@webassemblyjs/ast": "^1.14.1", "@webassemblyjs/wasm-edit": "^1.14.1", "@webassemblyjs/wasm-parser": "^1.14.1", "acorn": "^8.15.0", "acorn-import-phases": "^1.0.3", "browserslist": "^4.28.1", "chrome-trace-event": "^1.0.2", "enhanced-resolve": "^5.17.4", "es-module-lexer": "^2.0.0", "eslint-scope": "5.1.1", "events": "^3.2.0", "glob-to-regexp": "^0.4.1", "graceful-fs": "^4.2.11", "json-parse-even-better-errors": "^2.3.1", "loader-runner": "^4.3.1", "mime-types": "^2.1.27", "neo-async": "^2.6.2", "schema-utils": "^4.3.3", "tapable": "^2.3.0", "terser-webpack-plugin": "^5.3.16", "watchpack": "^2.4.4", "webpack-sources": "^3.3.3" }, "bin": "bin/webpack.js" }, ""],

    "webpack-node-externals": ["webpack-node-externals@3.0.0", "", {}, ""],

    "webpack-sources": ["webpack-sources@3.3.4", "", {}, ""],

    "wrap-ansi": ["wrap-ansi@6.2.0", "", { "dependencies": { "ansi-styles": "^4.0.0", "string-width": "^4.1.0", "strip-ansi": "^6.0.0" } }, ""],

    "wrappy": ["wrappy@1.0.2", "", {}, ""],

    "yargs-parser": ["yargs-parser@21.1.1", "", {}, ""],

    "yoctocolors-cjs": ["yoctocolors-cjs@2.1.3", "", {}, ""],

    "@angular-devkit/core/rxjs": ["rxjs@7.8.1", "", { "dependencies": { "tslib": "^2.1.0" } }, ""],

    "@angular-devkit/schematics/rxjs": ["rxjs@7.8.1", "", { "dependencies": { "tslib": "^2.1.0" } }, ""],

    "@angular-devkit/schematics-cli/@inquirer/prompts": ["@inquirer/prompts@7.3.2", "", { "dependencies": { "@inquirer/checkbox": "^4.1.2", "@inquirer/confirm": "^5.1.6", "@inquirer/editor": "^4.2.7", "@inquirer/expand": "^4.0.9", "@inquirer/input": "^4.1.6", "@inquirer/number": "^3.0.9", "@inquirer/password": "^4.0.9", "@inquirer/rawlist": "^4.0.9", "@inquirer/search": "^3.0.9", "@inquirer/select": "^4.0.9" }, "peerDependencies": { "@types/node": ">=18" } }, ""],

    "@nestjs/schematics/@angular-devkit/core": ["@angular-devkit/core@19.2.17", "", { "dependencies": { "ajv": "8.17.1", "ajv-formats": "3.0.1", "jsonc-parser": "3.3.1", "picomatch": "4.0.2", "rxjs": "7.8.1", "source-map": "0.7.4" }, "peerDependencies": { "chokidar": "^4.0.0" } }, ""],

    "@nestjs/schematics/@angular-devkit/schematics": ["@angular-devkit/schematics@19.2.17", "", { "dependencies": { "@angular-devkit/core": "19.2.17", "jsonc-parser": "3.3.1", "magic-string": "0.30.17", "ora": "5.4.1", "rxjs": "7.8.1" } }, ""],

    "accepts/mime-types": ["mime-types@3.0.2", "", { "dependencies": { "mime-db": "^1.54.0" } }, ""],

    "ajv-formats/ajv": ["ajv@8.18.0", "", { "dependencies": { "fast-deep-equal": "^3.1.3", "fast-uri": "^3.0.1", "json-schema-traverse": "^1.0.0", "require-from-string": "^2.0.2" } }, "sha512-PlXPeEWMXMZ7sPYOHqmDyCJzcfNrUr3fGNKtezX14ykXOEIvyK81d+qydx89KY5O71FKMPaQ2vBfBFI5NHR63A=="],

    "ajv-keywords/ajv": ["ajv@6.14.0", "", { "dependencies": { "fast-deep-equal": "^3.1.1", "fast-json-stable-stringify": "^2.0.0", "json-schema-traverse": "^0.4.1", "uri-js": "^4.2.2" } }, "sha512-IWrosm/yrn43eiKqkfkHis7QioDleaXQHdDVPKg0FSwwd/DuvyX79TZnFOnYpB7dcsFAMmtFztZuXPDvSePkFw=="],

    "dotenv-expand/dotenv": ["dotenv@16.6.1", "", {}, ""],

    "esrecurse/estraverse": ["estraverse@5.3.0", "", {}, ""],

    "express/mime-types": ["mime-types@3.0.2", "", { "dependencies": { "mime-db": "^1.54.0" } }, ""],

    "glob/minimatch": ["minimatch@10.2.4", "", { "dependencies": { "brace-expansion": "^5.0.2" } }, ""],

    "jest-worker/supports-color": ["supports-color@8.1.1", "", { "dependencies": { "has-flag": "^4.0.0" } }, ""],

    "multer/type-is": ["type-is@1.6.18", "", { "dependencies": { "media-typer": "0.3.0", "mime-types": "~2.1.24" } }, ""],

    "restore-cursor/signal-exit": ["signal-exit@3.0.7", "", {}, ""],

    "schema-utils/ajv": ["ajv@6.14.0", "", { "dependencies": { "fast-deep-equal": "^3.1.1", "fast-json-stable-stringify": "^2.0.0", "json-schema-traverse": "^0.4.1", "uri-js": "^4.2.2" } }, "sha512-IWrosm/yrn43eiKqkfkHis7QioDleaXQHdDVPKg0FSwwd/DuvyX79TZnFOnYpB7dcsFAMmtFztZuXPDvSePkFw=="],

    "send/mime-types": ["mime-types@3.0.2", "", { "dependencies": { "mime-db": "^1.54.0" } }, ""],

    "source-map-support/source-map": ["source-map@0.6.1", "", {}, ""],

    "terser/commander": ["commander@2.20.3", "", {}, ""],

    "terser-webpack-plugin/schema-utils": ["schema-utils@4.3.3", "", { "dependencies": { "@types/json-schema": "^7.0.9", "ajv": "^8.9.0", "ajv-formats": "^2.1.1", "ajv-keywords": "^5.1.0" } }, ""],

    "type-is/mime-types": ["mime-types@3.0.2", "", { "dependencies": { "mime-db": "^1.54.0" } }, ""],

    "webpack/schema-utils": ["schema-utils@4.3.3", "", { "dependencies": { "@types/json-schema": "^7.0.9", "ajv": "^8.9.0", "ajv-formats": "^2.1.1", "ajv-keywords": "^5.1.0" } }, ""],

    "@nestjs/schematics/@angular-devkit/core/ajv": ["ajv@8.17.1", "", { "dependencies": { "fast-deep-equal": "^3.1.3", "fast-uri": "^3.0.1", "json-schema-traverse": "^1.0.0", "require-from-string": "^2.0.2" } }, "sha512-B/gBuNg5SiMTrPkC+A2+cW0RszwxYmn6VYxB/inlBStS5nx6xHIt/ehKRhIMhqusl7a8LjQoZnjCs5vhwxOQ1g=="],

    "@nestjs/schematics/@angular-devkit/core/rxjs": ["rxjs@7.8.1", "", { "dependencies": { "tslib": "^2.1.0" } }, ""],

    "@nestjs/schematics/@angular-devkit/schematics/rxjs": ["rxjs@7.8.1", "", { "dependencies": { "tslib": "^2.1.0" } }, ""],

    "accepts/mime-types/mime-db": ["mime-db@1.54.0", "", {}, ""],

    "ajv-formats/ajv/json-schema-traverse": ["json-schema-traverse@1.0.0", "", {}, "sha512-NM8/P9n3XjXhIZn1lLhkFaACTOURQXjWhV4BA/RnOv8xvgqtqpAX9IO4mRQxSx1Rlo4tqzeqb0sOlruaOy3dug=="],

    "ajv-keywords/ajv/json-schema-traverse": ["json-schema-traverse@0.4.1", "", {}, "sha512-xbbCH5dCYU5T8LcEhhuh7HJ88HXuW3qsI3Y0zOZFKfZEHcpWiHU/Jxzk629Brsab/mMiHQti9wMP+845RPe3Vg=="],

    "express/mime-types/mime-db": ["mime-db@1.54.0", "", {}, ""],

    "glob/minimatch/brace-expansion": ["brace-expansion@5.0.4", "", { "dependencies": { "balanced-match": "^4.0.2" } }, ""],

    "multer/type-is/media-typer": ["media-typer@0.3.0", "", {}, ""],

    "schema-utils/ajv/json-schema-traverse": ["json-schema-traverse@0.4.1", "", {}, "sha512-xbbCH5dCYU5T8LcEhhuh7HJ88HXuW3qsI3Y0zOZFKfZEHcpWiHU/Jxzk629Brsab/mMiHQti9wMP+845RPe3Vg=="],

    "send/mime-types/mime-db": ["mime-db@1.54.0", "", {}, ""],

    "terser-webpack-plugin/schema-utils/ajv": ["ajv@8.18.0", "", { "dependencies": { "fast-deep-equal": "^3.1.3", "fast-uri": "^3.0.1", "json-schema-traverse": "^1.0.0", "require-from-string": "^2.0.2" } }, "sha512-PlXPeEWMXMZ7sPYOHqmDyCJzcfNrUr3fGNKtezX14ykXOEIvyK81d+qydx89KY5O71FKMPaQ2vBfBFI5NHR63A=="],

    "terser-webpack-plugin/schema-utils/ajv-formats": ["ajv-formats@2.1.1", "", { "dependencies": { "ajv": "^8.0.0" }, "peerDependencies": { "ajv": "^8.0.0" } }, ""],

    "terser-webpack-plugin/schema-utils/ajv-keywords": ["ajv-keywords@5.1.0", "", { "dependencies": { "fast-deep-equal": "^3.1.3" }, "peerDependencies": { "ajv": "^8.8.2" } }, ""],

    "type-is/mime-types/mime-db": ["mime-db@1.54.0", "", {}, ""],

    "webpack/schema-utils/ajv": ["ajv@8.18.0", "", { "dependencies": { "fast-deep-equal": "^3.1.3", "fast-uri": "^3.0.1", "json-schema-traverse": "^1.0.0", "require-from-string": "^2.0.2" } }, "sha512-PlXPeEWMXMZ7sPYOHqmDyCJzcfNrUr3fGNKtezX14ykXOEIvyK81d+qydx89KY5O71FKMPaQ2vBfBFI5NHR63A=="],

    "webpack/schema-utils/ajv-formats": ["ajv-formats@2.1.1", "", { "dependencies": { "ajv": "^8.0.0" }, "peerDependencies": { "ajv": "^8.0.0" } }, ""],

    "webpack/schema-utils/ajv-keywords": ["ajv-keywords@5.1.0", "", { "dependencies": { "fast-deep-equal": "^3.1.3" }, "peerDependencies": { "ajv": "^8.8.2" } }, ""],

    "@nestjs/schematics/@angular-devkit/core/ajv/json-schema-traverse": ["json-schema-traverse@1.0.0", "", {}, "sha512-NM8/P9n3XjXhIZn1lLhkFaACTOURQXjWhV4BA/RnOv8xvgqtqpAX9IO4mRQxSx1Rlo4tqzeqb0sOlruaOy3dug=="],

    "glob/minimatch/brace-expansion/balanced-match": ["balanced-match@4.0.4", "", {}, ""],

    "terser-webpack-plugin/schema-utils/ajv/json-schema-traverse": ["json-schema-traverse@1.0.0", "", {}, "sha512-NM8/P9n3XjXhIZn1lLhkFaACTOURQXjWhV4BA/RnOv8xvgqtqpAX9IO4mRQxSx1Rlo4tqzeqb0sOlruaOy3dug=="],

    "webpack/schema-utils/ajv/json-schema-traverse": ["json-schema-traverse@1.0.0", "", {}, "sha512-NM8/P9n3XjXhIZn1lLhkFaACTOURQXjWhV4BA/RnOv8xvgqtqpAX9IO4mRQxSx1Rlo4tqzeqb0sOlruaOy3dug=="],
  }
}
